{
  "nodes": {
    "darwin": {
      "inputs": {
        "nixpkgs": [
          "nixpkgs"
        ]
      },
      "locked": {
        "lastModified": 1680266963,
        "narHash": "sha256-IW/lzbUCOcldLHWHjNSg1YoViDnZOmz0ZJL7EH9OkV8=",
        "owner": "LnL7",
        "repo": "nix-darwin",
        "rev": "99d4187d11be86b49baa3a1aec0530004072374f",
        "type": "github"
      },
      "original": {
        "owner": "LnL7",
        "ref": "master",
        "repo": "nix-darwin",
        "type": "github"
      }
    },
    "nixpkgs": {
      "locked": {
        "lastModified": 1680987552,
        "narHash": "sha256-oCWXm7msFpYban1/+VmuoJiRhs1IyjPV4NNVt3VlPEM=",
        "owner": "NixOS",
        "repo": "nixpkgs",
        "rev": "6e2d6c0c6dbf1bcfa8cf34c28b3cd35827d44765",
        "type": "github"
      },
      "original": {
        "owner": "NixOS",
        "ref": "nixpkgs-22.11-darwin",
        "repo": "nixpkgs",
        "type": "github"
      }
    },
    "root": {
      "inputs": {
        "darwin": "darwin",
        "nixpkgs": "nixpkgs"
      }
    }
  },
  "root": "root",
  "version": 7
}
